
Microsoft Visual Studio Solution File, Format Version 12.00
# Visual Studio Version 17
VisualStudioVersion = 17.4.33403.182
MinimumVisualStudioVersion = 10.0.40219.1
Project("{9A19103F-16F7-4668-BE54-9A1E7A4F7556}") = "TekusAppBack", "TekusAppBack.csproj", "{D1588174-F1D4-4581-A322-817017867825}"
EndProject
Project("{FAE04EC0-301F-11D3-BF4B-00C04F79EFBC}") = "TekusAppBack.Entities", "..\TekusAppBack.Entities\TekusAppBack.Entities.csproj", "{E58ABD80-F244-4D5B-BDB5-1FD1302B7661}"
EndProject
Global
	GlobalSection(SolutionConfigurationPlatforms) = preSolution
		Debug|Any CPU = Debug|Any CPU
		Release|Any CPU = Release|Any CPU
	EndGlobalSection
	GlobalSection(ProjectConfigurationPlatforms) = postSolution
		{D1588174-F1D4-4581-A322-817017867825}.Debug|Any CPU.ActiveCfg = Debug|Any CPU
		{D1588174-F1D4-4581-A322-817017867825}.Debug|Any CPU.Build.0 = Debug|Any CPU
		{D1588174-F1D4-4581-A322-817017867825}.Release|Any CPU.ActiveCfg = Release|Any CPU
		{D1588174-F1D4-4581-A322-817017867825}.Release|Any CPU.Build.0 = Release|Any CPU
		{E58ABD80-F244-4D5B-BDB5-1FD1302B7661}.Debug|Any CPU.ActiveCfg = Debug|Any CPU
		{E58ABD80-F244-4D5B-BDB5-1FD1302B7661}.Debug|Any CPU.Build.0 = Debug|Any CPU
		{E58ABD80-F244-4D5B-BDB5-1FD1302B7661}.Release|Any CPU.ActiveCfg = Release|Any CPU
		{E58ABD80-F244-4D5B-BDB5-1FD1302B7661}.Release|Any CPU.Build.0 = Release|Any CPU
	EndGlobalSection
	GlobalSection(SolutionProperties) = preSolution
		HideSolutionNode = FALSE
	EndGlobalSection
	GlobalSection(ExtensibilityGlobals) = postSolution
		SolutionGuid = {E45AC190-10FA-49C3-8ED6-82AE9575BBD6}
	EndGlobalSection
EndGlobal
